
Microsoft Visual Studio Solution File, Format Version 12.00
# Visual Studio 15
VisualStudioVersion = 15.0.28307.1525
MinimumVisualStudioVersion = 10.0.40219.1
Project("{FAE04EC0-301F-11D3-BF4B-00C04F79EFBC}") = "P_Heroes", "P_Heroes.csproj", "{4B36DFC1-F735-4E93-849F-CF37B3291F91}"
EndProject
Global
	GlobalSection(SolutionConfigurationPlatforms) = preSolution
		Debug|Any CPU = Debug|Any CPU
		Release|Any CPU = Release|Any CPU
	EndGlobalSection
	GlobalSection(ProjectConfigurationPlatforms) = postSolution
		{4B36DFC1-F735-4E93-849F-CF37B3291F91}.Debug|Any CPU.ActiveCfg = Debug|Any CPU
		{4B36DFC1-F735-4E93-849F-CF37B3291F91}.Debug|Any CPU.Build.0 = Debug|Any CPU
		{4B36DFC1-F735-4E93-849F-CF37B3291F91}.Release|Any CPU.ActiveCfg = Release|Any CPU
		{4B36DFC1-F735-4E93-849F-CF37B3291F91}.Release|Any CPU.Build.0 = Release|Any CPU
	EndGlobalSection
	GlobalSection(SolutionProperties) = preSolution
		HideSolutionNode = FALSE
	EndGlobalSection
	GlobalSection(ExtensibilityGlobals) = postSolution
		SolutionGuid = {70B525D7-902E-4414-9692-5B8927453197}
	EndGlobalSection
EndGlobal
